
Microsoft Visual Studio Solution File, Format Version 12.00
# Visual Studio Version 17
VisualStudioVersion = 17.14.36301.6 d17.14
MinimumVisualStudioVersion = 10.0.40219.1
Project("{FAE04EC0-301F-11D3-BF4B-00C04F79EFBC}") = "Topic 1 Assignment", "Topic 1 Assignment.csproj", "{7BCD8CF8-0139-4666-8757-A65D2B4EF288}"
EndProject
Global
	GlobalSection(SolutionConfigurationPlatforms) = preSolution
		Debug|Any CPU = Debug|Any CPU
		Release|Any CPU = Release|Any CPU
	EndGlobalSection
	GlobalSection(ProjectConfigurationPlatforms) = postSolution
		{7BCD8CF8-0139-4666-8757-A65D2B4EF288}.Debug|Any CPU.ActiveCfg = Debug|Any CPU
		{7BCD8CF8-0139-4666-8757-A65D2B4EF288}.Debug|Any CPU.Build.0 = Debug|Any CPU
		{7BCD8CF8-0139-4666-8757-A65D2B4EF288}.Release|Any CPU.ActiveCfg = Release|Any CPU
		{7BCD8CF8-0139-4666-8757-A65D2B4EF288}.Release|Any CPU.Build.0 = Release|Any CPU
	EndGlobalSection
	GlobalSection(SolutionProperties) = preSolution
		HideSolutionNode = FALSE
	EndGlobalSection
	GlobalSection(ExtensibilityGlobals) = postSolution
		SolutionGuid = {816F7E63-4BBB-4C64-A423-F3ACDCD4549A}
	EndGlobalSection
EndGlobal
